
Microsoft Visual Studio Solution File, Format Version 12.00
# Visual Studio Version 17
VisualStudioVersion = 17.0.31903.59
MinimumVisualStudioVersion = 10.0.40219.1
Project("{FAE04EC0-301F-11D3-BF4B-00C04F79EFBC}") = "WindowsFormsApp2", "Scythe\Scythe.csproj", "{4F9CC4CF-0673-4B29-9F99-2C222019EF67}"
EndProject
Global
	GlobalSection(SolutionConfigurationPlatforms) = preSolution
		Debug|Any CPU = Debug|Any CPU
		Debug|x64 = Debug|x64
		Release|Any CPU = Release|Any CPU
		Release|x64 = Release|x64
	EndGlobalSection
	GlobalSection(ProjectConfigurationPlatforms) = postSolution
		{4F9CC4CF-0673-4B29-9F99-2C222019EF67}.Debug|Any CPU.ActiveCfg = Debug|Any CPU
		{4F9CC4CF-0673-4B29-9F99-2C222019EF67}.Debug|Any CPU.Build.0 = Debug|Any CPU
		{4F9CC4CF-0673-4B29-9F99-2C222019EF67}.Debug|x64.ActiveCfg = Debug|x64
		{4F9CC4CF-0673-4B29-9F99-2C222019EF67}.Debug|x64.Build.0 = Debug|x64
		{4F9CC4CF-0673-4B29-9F99-2C222019EF67}.Release|Any CPU.ActiveCfg = Release|Any CPU
		{4F9CC4CF-0673-4B29-9F99-2C222019EF67}.Release|Any CPU.Build.0 = Release|Any CPU
		{4F9CC4CF-0673-4B29-9F99-2C222019EF67}.Release|x64.ActiveCfg = Release|x64
		{4F9CC4CF-0673-4B29-9F99-2C222019EF67}.Release|x64.Build.0 = Release|x64
	EndGlobalSection
	GlobalSection(SolutionProperties) = preSolution
		HideSolutionNode = FALSE
	EndGlobalSection
	GlobalSection(ExtensibilityGlobals) = postSolution
		SolutionGuid = {753BDA5D-FFA9-40C3-9EC3-FC9DC30FD0B9}
	EndGlobalSection
EndGlobal
